
Microsoft Visual Studio Solution File, Format Version 12.00
# Visual Studio 15
VisualStudioVersion = 15.0.27703.2026
MinimumVisualStudioVersion = 10.0.40219.1
Project("{FAE04EC0-301F-11D3-BF4B-00C04F79EFBC}") = "CSharpRayTracing", "CSharpRayTracing\CSharpRayTracing.csproj", "{AD06EA92-6D0F-442A-BDB9-80921F0EB2D3}"
EndProject
Global
	GlobalSection(SolutionConfigurationPlatforms) = preSolution
		Debug|Any CPU = Debug|Any CPU
		Release|Any CPU = Release|Any CPU
	EndGlobalSection
	GlobalSection(ProjectConfigurationPlatforms) = postSolution
		{AD06EA92-6D0F-442A-BDB9-80921F0EB2D3}.Debug|Any CPU.ActiveCfg = Debug|Any CPU
		{AD06EA92-6D0F-442A-BDB9-80921F0EB2D3}.Debug|Any CPU.Build.0 = Debug|Any CPU
		{AD06EA92-6D0F-442A-BDB9-80921F0EB2D3}.Release|Any CPU.ActiveCfg = Release|Any CPU
		{AD06EA92-6D0F-442A-BDB9-80921F0EB2D3}.Release|Any CPU.Build.0 = Release|Any CPU
	EndGlobalSection
	GlobalSection(SolutionProperties) = preSolution
		HideSolutionNode = FALSE
	EndGlobalSection
	GlobalSection(ExtensibilityGlobals) = postSolution
		SolutionGuid = {5CEAB9E8-1D1A-481E-8A23-4AC87333DC53}
	EndGlobalSection
EndGlobal
